{
  "requires": true,
  "lockfileVersion": 1,
  "dependencies": {
    "react-image-gallery": {
      "version": "1.2.7",
      "resolved": "https://registry.npmjs.org/react-image-gallery/-/react-image-gallery-1.2.7.tgz",
      "integrity": "sha512-ts7yMWykvZhslGMuvVAUk7a1dJIx9QtIwK6Clv8dOGxPsJid92FRrLvXbZDvkYcUyj48sHalnBhqU6mZNCB2jg=="
    }
  }
}
